<?xml version="1.0" encoding="utf-8"?>
<Project ToolsVersion="4.0" xmlns="http://schemas.microsoft.com/developer/msbuild/2003">
  <ItemGroup>
    <Filter Include="源文件">
      <UniqueIdentifier>{4FC737F1-C7A5-4376-A066-2A32D752A2FF}</UniqueIdentifier>
      <Extensions>cpp;c;cc;cxx;c++;cppm;ixx;def;odl;idl;hpj;bat;asm;asmx</Extensions>
    </Filter>
    <Filter Include="头文件">
      <UniqueIdentifier>{93995380-89BD-4b04-88EB-625FBE52EBFB}</UniqueIdentifier>
      <Extensions>h;hh;hpp;hxx;h++;hm;inl;inc;ipp;xsd</Extensions>
    </Filter>
    <Filter Include="资源文件">
      <UniqueIdentifier>{67DA6AB6-F800-4c08-8B7A-83BB121AAD01}</UniqueIdentifier>
      <Extensions>rc;ico;cur;bmp;dlg;rc2;rct;bin;rgs;gif;jpg;jpeg;jpe;resx;tiff;tif;png;wav;mfcribbon-ms</Extensions>
    </Filter>
    <Filter Include="源文件\src">
      <UniqueIdentifier>{a41b0431-d21f-4132-b022-d0cb1b730038}</UniqueIdentifier>
    </Filter>
    <Filter Include="源文件\src\base">
      <UniqueIdentifier>{476ac659-4133-42f8-9baf-64a305d87e07}</UniqueIdentifier>
    </Filter>
    <Filter Include="源文件\src\1">
      <UniqueIdentifier>{9542175f-c54b-4051-bbbf-796b7a040706}</UniqueIdentifier>
    </Filter>
    <Filter Include="源文件\src\2">
      <UniqueIdentifier>{4d10f301-3c1c-4c91-8ea1-dee02d1b4076}</UniqueIdentifier>
    </Filter>
    <Filter Include="源文件\src\3">
      <UniqueIdentifier>{448ca962-f8ce-4b95-b4d1-9d986f56a134}</UniqueIdentifier>
    </Filter>
  </ItemGroup>
  <ItemGroup>
    <ClCompile Include="glad.c">
      <Filter>源文件</Filter>
    </ClCompile>
    <ClCompile Include="main.cpp">
      <Filter>源文件</Filter>
    </ClCompile>
    <ClCompile Include="src\base\GLProgram.cpp">
      <Filter>源文件\src\base</Filter>
    </ClCompile>
    <ClCompile Include="src\1\ChapterProgram1.cpp">
      <Filter>源文件\src\1</Filter>
    </ClCompile>
    <ClCompile Include="src\base\FileUtil.cpp">
      <Filter>源文件\src\base</Filter>
    </ClCompile>
    <ClCompile Include="src\2\ChapterProgram2.cpp">
      <Filter>源文件\src\2</Filter>
    </ClCompile>
    <ClCompile Include="src\3\ChapterProgram3.cpp">
      <Filter>源文件\src\3</Filter>
    </ClCompile>
    <ClCompile Include="src\base\Camera.cpp">
      <Filter>源文件\src\base</Filter>
    </ClCompile>
  </ItemGroup>
  <ItemGroup>
    <ClInclude Include="src\base\GLProgram.h">
      <Filter>源文件\src\base</Filter>
    </ClInclude>
    <ClInclude Include="src\base\FileUtil.h">
      <Filter>源文件\src\base</Filter>
    </ClInclude>
    <ClInclude Include="src\1\ChapterProgram1.h">
      <Filter>源文件\src\1</Filter>
    </ClInclude>
    <ClInclude Include="src\2\ChapterProgram2.h">
      <Filter>源文件\src\2</Filter>
    </ClInclude>
    <ClInclude Include="src\3\ChapterProgram3.h">
      <Filter>源文件\src\3</Filter>
    </ClInclude>
    <ClInclude Include="src\main.h">
      <Filter>源文件</Filter>
    </ClInclude>
    <ClInclude Include="src\base\Camera.h">
      <Filter>源文件\src\base</Filter>
    </ClInclude>
  </ItemGroup>
  <ItemGroup>
    <None Include="src\2\2.vert">
      <Filter>源文件\src\2</Filter>
    </None>
    <None Include="src\2\2.frag">
      <Filter>源文件\src\2</Filter>
    </None>
    <None Include="src\3\3.vert">
      <Filter>源文件\src\3</Filter>
    </None>
    <None Include="src\3\3.frag">
      <Filter>源文件\src\3</Filter>
    </None>
  </ItemGroup>
</Project>